schema: '2.0'
stages:
  cnn:
    cmd: python cnn_model.py
    deps:
    - path: cnn_model.py
      hash: md5
      md5: a42d7b109a11c3fcb8d69736cadf2c15
      size: 2168
    - path: data
      hash: md5
      md5: 840fdb9a23c98313dde45246036c291f.dir
      size: 452697142
      nfiles: 5000
    - path: data_loader.py
      hash: md5
      md5: a20da1e1df153633cc050a87db733da4
      size: 2062
    params:
      params.yaml:
        batch_size: 32
        cnn.epochs: 5
        img_size: 128
        seed: 42
    outs:
    - path: cnn.json
      hash: md5
      md5: ea224857947c6143ba2d5395d6d1a9a8
      size: 100
    - path: models/cnn.keras
      hash: md5
      md5: 587d61bd6f8b944a7302816a3f0a97fd
      size: 51507651
  vgg:
    cmd: python vgg_model.py
    deps:
    - path: data
      hash: md5
      md5: 840fdb9a23c98313dde45246036c291f.dir
      size: 452697142
      nfiles: 5000
    - path: data_loader.py
      hash: md5
      md5: a20da1e1df153633cc050a87db733da4
      size: 2062
    - path: vgg_model.py
      hash: md5
      md5: 37e29c8ffb03e87c0ad271ae0a76bcc6
      size: 2163
    params:
      params.yaml:
        batch_size: 32
        img_size: 128
        seed: 42
        vgg.epochs: 5
    outs:
    - path: models/vgg.keras
      hash: md5
      md5: 3f636df40743798085b75543992d0364
      size: 59746920
    - path: vgg.json
      hash: md5
      md5: 09dde9d719f9cb321fe232e270282b16
      size: 99
  efficientnet:
    cmd: python efficientnet_model.py
    deps:
    - path: data
      hash: md5
      md5: 840fdb9a23c98313dde45246036c291f.dir
      size: 452697142
      nfiles: 5000
    - path: data_loader.py
      hash: md5
      md5: a20da1e1df153633cc050a87db733da4
      size: 2062
    - path: efficientnet_model.py
      hash: md5
      md5: d91f6228e532878be2718407c489259c
      size: 2213
    params:
      params.yaml:
        batch_size: 32
        efficientnet.epochs: 5
        img_size: 128
        seed: 42
    outs:
    - path: efficientnet.json
      hash: md5
      md5: 68596e3cc3114749b9f87313d3e93ac5
      size: 100
    - path: models/efficientnet.keras
      hash: md5
      md5: e321e695ae9cec977449ea0d6f97db69
      size: 19018306
