schema: '2.0'
stages:
  cnn:
    cmd: python cnn_model.py
    deps:
    - path: cnn_model.py
      hash: md5
      md5: a42d7b109a11c3fcb8d69736cadf2c15
      size: 2168
    - path: data
      hash: md5
      md5: 315b843b34bcf23704926d3b2938d0ae.dir
      size: 470635425
      nfiles: 8000
    - path: data_loader.py
      hash: md5
      md5: a20da1e1df153633cc050a87db733da4
      size: 2062
    params:
      params.yaml:
        batch_size: 32
        cnn.epochs: 5
        img_size: 128
        seed: 42
    outs:
    - path: cnn.json
      hash: md5
      md5: deea56266754c39f8f4ed49158db2233
      size: 98
    - path: models/cnn.keras
      hash: md5
      md5: c47aac66305a92ab03e05a5b9ab496d0
      size: 51507651
  vgg:
    cmd: python vgg_model.py
    deps:
    - path: data
      hash: md5
      md5: 315b843b34bcf23704926d3b2938d0ae.dir
      size: 470635425
      nfiles: 8000
    - path: data_loader.py
      hash: md5
      md5: a20da1e1df153633cc050a87db733da4
      size: 2062
    - path: vgg_model.py
      hash: md5
      md5: 37e29c8ffb03e87c0ad271ae0a76bcc6
      size: 2163
    params:
      params.yaml:
        batch_size: 32
        img_size: 128
        seed: 42
        vgg.epochs: 5
    outs:
    - path: models/vgg.keras
      hash: md5
      md5: dc0bee017b9d7ac4104e0a9c459851e8
      size: 59746920
    - path: vgg.json
      hash: md5
      md5: 26a02ed44d78692967959bd46269efb4
      size: 99
  efficientnet:
    cmd: python efficientnet_model.py
    deps:
    - path: data
      hash: md5
      md5: 315b843b34bcf23704926d3b2938d0ae.dir
      size: 470635425
      nfiles: 8000
    - path: data_loader.py
      hash: md5
      md5: a20da1e1df153633cc050a87db733da4
      size: 2062
    - path: efficientnet_model.py
      hash: md5
      md5: d91f6228e532878be2718407c489259c
      size: 2213
    params:
      params.yaml:
        batch_size: 32
        efficientnet.epochs: 5
        img_size: 128
        seed: 42
    outs:
    - path: efficientnet.json
      hash: md5
      md5: 009de04ba4a60e15b17115ab384530c0
      size: 101
    - path: models/efficientnet.keras
      hash: md5
      md5: 4d8cdac32565892a112d678ed417a0e9
      size: 19018306
